<?xml version="1.0" encoding="utf-8"?>
<Project ToolsVersion="4.0" xmlns="http://schemas.microsoft.com/developer/msbuild/2003">
  <ItemGroup>
    <ClCompile Include="..\splinter\bspline.cpp" />
    <ClCompile Include="..\splinter\bsplinebasis.cpp" />
    <ClCompile Include="..\splinter\bsplinebasis1d.cpp" />
    <ClCompile Include="..\splinter\bsplinebuilder.cpp" />
    <ClCompile Include="..\splinter\datapoint.cpp" />
    <ClCompile Include="..\splinter\datatable.cpp" />
    <ClCompile Include="..\splinter\function.cpp" />
    <ClCompile Include="..\splinter\knots.cpp" />
    <ClCompile Include="..\splinter\mykroneckerproduct.cpp" />
    <ClCompile Include="..\splinter\serializer.cpp" />
    <ClCompile Include="..\splinter\utilities.cpp" />
  </ItemGroup>
  <ItemGroup>
    <ClInclude Include="..\splinter\bspline.h" />
    <ClInclude Include="..\splinter\bsplinebasis.h" />
    <ClInclude Include="..\splinter\bsplinebasis1d.h" />
    <ClInclude Include="..\splinter\bsplinebuilder.h" />
    <ClInclude Include="..\splinter\datapoint.h" />
    <ClInclude Include="..\splinter\datatable.h" />
    <ClInclude Include="..\splinter\definitions.h" />
    <ClInclude Include="..\splinter\function.h" />
    <ClInclude Include="..\splinter\knots.h" />
    <ClInclude Include="..\splinter\linearsolvers.h" />
    <ClInclude Include="..\splinter\mykroneckerproduct.h" />
    <ClInclude Include="..\splinter\saveable.h" />
    <ClInclude Include="..\splinter\serializer.h" />
    <ClInclude Include="..\splinter\utilities.h" />
    <ClInclude Include="..\splinter\core.h" />
    <ClInclude Include="..\splinter\src\Cholesky\LDLT.h" />
    <ClInclude Include="..\splinter\src\Cholesky\LLT.h" />
    <ClInclude Include="..\splinter\src\Cholesky\LLT_MKL.h" />
    <ClInclude Include="..\splinter\src\Core\Array.h" />
    <ClInclude Include="..\splinter\src\Core\ArrayBase.h" />
    <ClInclude Include="..\splinter\src\Core\ArrayWrapper.h" />
    <ClInclude Include="..\splinter\src\Core\Assign.h" />
    <ClInclude Include="..\splinter\src\Core\Assign_MKL.h" />
    <ClInclude Include="..\splinter\src\Core\BandMatrix.h" />
    <ClInclude Include="..\splinter\src\Core\Block.h" />
    <ClInclude Include="..\splinter\src\Core\BooleanRedux.h" />
    <ClInclude Include="..\splinter\src\Core\CommaInitializer.h" />
    <ClInclude Include="..\splinter\src\Core\CoreIterators.h" />
    <ClInclude Include="..\splinter\src\Core\CwiseBinaryOp.h" />
    <ClInclude Include="..\splinter\src\Core\CwiseNullaryOp.h" />
    <ClInclude Include="..\splinter\src\Core\CwiseUnaryOp.h" />
    <ClInclude Include="..\splinter\src\Core\CwiseUnaryView.h" />
    <ClInclude Include="..\splinter\src\Core\DenseBase.h" />
    <ClInclude Include="..\splinter\src\Core\DenseCoeffsBase.h" />
    <ClInclude Include="..\splinter\src\Core\DenseStorage.h" />
    <ClInclude Include="..\splinter\src\Core\Diagonal.h" />
    <ClInclude Include="..\splinter\src\Core\DiagonalMatrix.h" />
    <ClInclude Include="..\splinter\src\Core\DiagonalProduct.h" />
    <ClInclude Include="..\splinter\src\Core\Dot.h" />
    <ClInclude Include="..\splinter\src\Core\EigenBase.h" />
    <ClInclude Include="..\splinter\src\Core\Flagged.h" />
    <ClInclude Include="..\splinter\src\Core\ForceAlignedAccess.h" />
    <ClInclude Include="..\splinter\src\Core\Functors.h" />
    <ClInclude Include="..\splinter\src\Core\Fuzzy.h" />
    <ClInclude Include="..\splinter\src\Core\GeneralProduct.h" />
    <ClInclude Include="..\splinter\src\Core\GenericPacketMath.h" />
    <ClInclude Include="..\splinter\src\Core\GlobalFunctions.h" />
    <ClInclude Include="..\splinter\src\Core\IO.h" />
    <ClInclude Include="..\splinter\src\Core\Map.h" />
    <ClInclude Include="..\splinter\src\Core\MapBase.h" />
    <ClInclude Include="..\splinter\src\Core\MathFunctions.h" />
    <ClInclude Include="..\splinter\src\Core\Matrix.h" />
    <ClInclude Include="..\splinter\src\Core\MatrixBase.h" />
    <ClInclude Include="..\splinter\src\Core\NestByValue.h" />
    <ClInclude Include="..\splinter\src\Core\NoAlias.h" />
    <ClInclude Include="..\splinter\src\Core\NumTraits.h" />
    <ClInclude Include="..\splinter\src\Core\PermutationMatrix.h" />
    <ClInclude Include="..\splinter\src\Core\PlainObjectBase.h" />
    <ClInclude Include="..\splinter\src\Core\ProductBase.h" />
    <ClInclude Include="..\splinter\src\Core\Random.h" />
    <ClInclude Include="..\splinter\src\Core\Redux.h" />
    <ClInclude Include="..\splinter\src\Core\Ref.h" />
    <ClInclude Include="..\splinter\src\Core\Replicate.h" />
    <ClInclude Include="..\splinter\src\Core\ReturnByValue.h" />
    <ClInclude Include="..\splinter\src\Core\Reverse.h" />
    <ClInclude Include="..\splinter\src\Core\Select.h" />
    <ClInclude Include="..\splinter\src\Core\SelfAdjointView.h" />
    <ClInclude Include="..\splinter\src\Core\SelfCwiseBinaryOp.h" />
    <ClInclude Include="..\splinter\src\Core\SolveTriangular.h" />
    <ClInclude Include="..\splinter\src\Core\StableNorm.h" />
    <ClInclude Include="..\splinter\src\Core\Stride.h" />
    <ClInclude Include="..\splinter\src\Core\Swap.h" />
    <ClInclude Include="..\splinter\src\Core\Transpose.h" />
    <ClInclude Include="..\splinter\src\Core\Transpositions.h" />
    <ClInclude Include="..\splinter\src\Core\TriangularMatrix.h" />
    <ClInclude Include="..\splinter\src\Core\VectorBlock.h" />
    <ClInclude Include="..\splinter\src\Core\VectorwiseOp.h" />
    <ClInclude Include="..\splinter\src\Core\Visitor.h" />
    <ClInclude Include="..\splinter\src\QR\ColPivHouseholderQR.h" />
    <ClInclude Include="..\splinter\src\QR\ColPivHouseholderQR_MKL.h" />
    <ClInclude Include="..\splinter\src\QR\FullPivHouseholderQR.h" />
    <ClInclude Include="..\splinter\src\QR\HouseholderQR.h" />
    <ClInclude Include="..\splinter\src\QR\HouseholderQR_MKL.h" />
    <ClInclude Include="..\splinter\src\SparseQR\SparseQR.h" />
    <ClInclude Include="..\splinter\src\Core\util\BlasUtil.h" />
    <ClInclude Include="..\splinter\src\Core\util\Constants.h" />
    <ClInclude Include="..\splinter\src\Core\util\DisableStupidWarnings.h" />
    <ClInclude Include="..\splinter\src\Core\util\ForwardDeclarations.h" />
    <ClInclude Include="..\splinter\src\Core\util\Macros.h" />
    <ClInclude Include="..\splinter\src\Core\util\Memory.h" />
    <ClInclude Include="..\splinter\src\Core\util\Meta.h" />
    <ClInclude Include="..\splinter\src\Core\util\MKL_support.h" />
    <ClInclude Include="..\splinter\src\Core\util\NonMPL2.h" />
    <ClInclude Include="..\splinter\src\Core\util\ReenableStupidWarnings.h" />
    <ClInclude Include="..\splinter\src\Core\util\StaticAssert.h" />
    <ClInclude Include="..\splinter\src\Core\util\XprHelper.h" />
  </ItemGroup>
</Project>